
Microsoft Visual Studio Solution File, Format Version 12.00
# Visual Studio Version 17
VisualStudioVersion = 17.4.32804.182
MinimumVisualStudioVersion = 10.0.40219.1
Project("{FAE04EC0-301F-11D3-BF4B-00C04F79EFBC}") = "Password Generator", "Password Generator\Password Generator.csproj", "{A8BB3948-217B-4599-92EC-3A1B7872273F}"
EndProject
Global
	GlobalSection(SolutionConfigurationPlatforms) = preSolution
		Debug|Any CPU = Debug|Any CPU
		Release|Any CPU = Release|Any CPU
	EndGlobalSection
	GlobalSection(ProjectConfigurationPlatforms) = postSolution
		{A8BB3948-217B-4599-92EC-3A1B7872273F}.Debug|Any CPU.ActiveCfg = Debug|Any CPU
		{A8BB3948-217B-4599-92EC-3A1B7872273F}.Debug|Any CPU.Build.0 = Debug|Any CPU
		{A8BB3948-217B-4599-92EC-3A1B7872273F}.Release|Any CPU.ActiveCfg = Release|Any CPU
		{A8BB3948-217B-4599-92EC-3A1B7872273F}.Release|Any CPU.Build.0 = Release|Any CPU
	EndGlobalSection
	GlobalSection(SolutionProperties) = preSolution
		HideSolutionNode = FALSE
	EndGlobalSection
	GlobalSection(ExtensibilityGlobals) = postSolution
		SolutionGuid = {C9E555F4-D6BB-48D8-AE8C-E82DFC053E53}
	EndGlobalSection
EndGlobal
